// !$*UTF8*$!
{
	archiveVersion = 1;
	classes = {
	};
	objectVersion = 46;
	objects = {

/* Begin PBXBuildFile section */
		8EA1DDE01EB707E9008A9C22 /* ScoreController.swift in Sources */ = {isa = PBXBuildFile; fileRef = 8EA1DDDF1EB707E9008A9C22 /* ScoreController.swift */; };
		8EA1DDE31EB74426008A9C22 /* frogRibbet.wav in Resources */ = {isa = PBXBuildFile; fileRef = 8EA1DDE21EB74426008A9C22 /* frogRibbet.wav */; };
		8EA1DDE71EB74F9D008A9C22 /* gameMusic.mp3 in Resources */ = {isa = PBXBuildFile; fileRef = 8EA1DDE61EB74F9D008A9C22 /* gameMusic.mp3 */; };
		8EA1DDE91EB75CD5008A9C22 /* countdownTimer.mp3 in Resources */ = {isa = PBXBuildFile; fileRef = 8EA1DDE81EB75CD5008A9C22 /* countdownTimer.mp3 */; };
		8EAFA43F1EAA2222007C52C0 /* AppDelegate.swift in Sources */ = {isa = PBXBuildFile; fileRef = 8EAFA43E1EAA2222007C52C0 /* AppDelegate.swift */; };
		8EAFA4411EAA2222007C52C0 /* ViewController.swift in Sources */ = {isa = PBXBuildFile; fileRef = 8EAFA4401EAA2222007C52C0 /* ViewController.swift */; };
		8EAFA4441EAA2222007C52C0 /* Main.storyboard in Resources */ = {isa = PBXBuildFile; fileRef = 8EAFA4421EAA2222007C52C0 /* Main.storyboard */; };
		8EAFA4461EAA2222007C52C0 /* Assets.xcassets in Resources */ = {isa = PBXBuildFile; fileRef = 8EAFA4451EAA2222007C52C0 /* Assets.xcassets */; };
		8EAFA4491EAA2222007C52C0 /* LaunchScreen.storyboard in Resources */ = {isa = PBXBuildFile; fileRef = 8EAFA4471EAA2222007C52C0 /* LaunchScreen.storyboard */; };
		8EAFA4541EAA2222007C52C0 /* EliranFrogTests.swift in Sources */ = {isa = PBXBuildFile; fileRef = 8EAFA4531EAA2222007C52C0 /* EliranFrogTests.swift */; };
		8EAFA45F1EAA2222007C52C0 /* EliranFrogUITests.swift in Sources */ = {isa = PBXBuildFile; fileRef = 8EAFA45E1EAA2222007C52C0 /* EliranFrogUITests.swift */; };
		8EAFA46D1EAA28C4007C52C0 /* CollectionGameController.swift in Sources */ = {isa = PBXBuildFile; fileRef = 8EAFA46C1EAA28C4007C52C0 /* CollectionGameController.swift */; };
		8EAFA46F1EAA40CF007C52C0 /* RandomGameController.swift in Sources */ = {isa = PBXBuildFile; fileRef = 8EAFA46E1EAA40CF007C52C0 /* RandomGameController.swift */; };
		8EAFA4731EAA5884007C52C0 /* FrogManager.swift in Sources */ = {isa = PBXBuildFile; fileRef = 8EAFA4721EAA5884007C52C0 /* FrogManager.swift */; };
		8EEE33AB1EB345E20052DA72 /* CustomFrogCell.swift in Sources */ = {isa = PBXBuildFile; fileRef = 8EEE33AA1EB345E20052DA72 /* CustomFrogCell.swift */; };
/* End PBXBuildFile section */

/* Begin PBXContainerItemProxy section */
		8EAFA4501EAA2222007C52C0 /* PBXContainerItemProxy */ = {
			isa = PBXContainerItemProxy;
			containerPortal = 8EAFA4331EAA2222007C52C0 /* Project object */;
			proxyType = 1;
			remoteGlobalIDString = 8EAFA43A1EAA2222007C52C0;
			remoteInfo = EliranFrog;
		};
		8EAFA45B1EAA2222007C52C0 /* PBXContainerItemProxy */ = {
			isa = PBXContainerItemProxy;
			containerPortal = 8EAFA4331EAA2222007C52C0 /* Project object */;
			proxyType = 1;
			remoteGlobalIDString = 8EAFA43A1EAA2222007C52C0;
			remoteInfo = EliranFrog;
		};
/* End PBXContainerItemProxy section */

/* Begin PBXFileReference section */
		8EA1DDDF1EB707E9008A9C22 /* ScoreController.swift */ = {isa = PBXFileReference; fileEncoding = 4; lastKnownFileType = sourcecode.swift; path = ScoreController.swift; sourceTree = "<group>"; };
		8EA1DDE21EB74426008A9C22 /* frogRibbet.wav */ = {isa = PBXFileReference; lastKnownFileType = audio.wav; name = frogRibbet.wav; path = ../../../Downloads/frogRibbet.wav; sourceTree = "<group>"; };
		8EA1DDE61EB74F9D008A9C22 /* gameMusic.mp3 */ = {isa = PBXFileReference; lastKnownFileType = audio.mp3; name = gameMusic.mp3; path = ../../../Downloads/gameMusic.mp3; sourceTree = "<group>"; };
		8EA1DDE81EB75CD5008A9C22 /* countdownTimer.mp3 */ = {isa = PBXFileReference; lastKnownFileType = audio.mp3; name = countdownTimer.mp3; path = ../../../Downloads/countdownTimer.mp3; sourceTree = "<group>"; };
		8EAFA43B1EAA2222007C52C0 /* EliranFrog.app */ = {isa = PBXFileReference; explicitFileType = wrapper.application; includeInIndex = 0; path = EliranFrog.app; sourceTree = BUILT_PRODUCTS_DIR; };
		8EAFA43E1EAA2222007C52C0 /* AppDelegate.swift */ = {isa = PBXFileReference; lastKnownFileType = sourcecode.swift; path = AppDelegate.swift; sourceTree = "<group>"; };
		8EAFA4401EAA2222007C52C0 /* ViewController.swift */ = {isa = PBXFileReference; lastKnownFileType = sourcecode.swift; path = ViewController.swift; sourceTree = "<group>"; };
		8EAFA4431EAA2222007C52C0 /* Base */ = {isa = PBXFileReference; lastKnownFileType = file.storyboard; name = Base; path = Base.lproj/Main.storyboard; sourceTree = "<group>"; };
		8EAFA4451EAA2222007C52C0 /* Assets.xcassets */ = {isa = PBXFileReference; lastKnownFileType = folder.assetcatalog; path = Assets.xcassets; sourceTree = "<group>"; };
		8EAFA4481EAA2222007C52C0 /* Base */ = {isa = PBXFileReference; lastKnownFileType = file.storyboard; name = Base; path = Base.lproj/LaunchScreen.storyboard; sourceTree = "<group>"; };
		8EAFA44A1EAA2222007C52C0 /* Info.plist */ = {isa = PBXFileReference; lastKnownFileType = text.plist.xml; path = Info.plist; sourceTree = "<group>"; };
		8EAFA44F1EAA2222007C52C0 /* EliranFrogTests.xctest */ = {isa = PBXFileReference; explicitFileType = wrapper.cfbundle; includeInIndex = 0; path = EliranFrogTests.xctest; sourceTree = BUILT_PRODUCTS_DIR; };
		8EAFA4531EAA2222007C52C0 /* EliranFrogTests.swift */ = {isa = PBXFileReference; lastKnownFileType = sourcecode.swift; path = EliranFrogTests.swift; sourceTree = "<group>"; };
		8EAFA4551EAA2222007C52C0 /* Info.plist */ = {isa = PBXFileReference; lastKnownFileType = text.plist.xml; path = Info.plist; sourceTree = "<group>"; };
		8EAFA45A1EAA2222007C52C0 /* EliranFrogUITests.xctest */ = {isa = PBXFileReference; explicitFileType = wrapper.cfbundle; includeInIndex = 0; path = EliranFrogUITests.xctest; sourceTree = BUILT_PRODUCTS_DIR; };
		8EAFA45E1EAA2222007C52C0 /* EliranFrogUITests.swift */ = {isa = PBXFileReference; lastKnownFileType = sourcecode.swift; path = EliranFrogUITests.swift; sourceTree = "<group>"; };
		8EAFA4601EAA2222007C52C0 /* Info.plist */ = {isa = PBXFileReference; lastKnownFileType = text.plist.xml; path = Info.plist; sourceTree = "<group>"; };
		8EAFA46C1EAA28C4007C52C0 /* CollectionGameController.swift */ = {isa = PBXFileReference; fileEncoding = 4; lastKnownFileType = sourcecode.swift; path = CollectionGameController.swift; sourceTree = "<group>"; };
		8EAFA46E1EAA40CF007C52C0 /* RandomGameController.swift */ = {isa = PBXFileReference; fileEncoding = 4; lastKnownFileType = sourcecode.swift; path = RandomGameController.swift; sourceTree = "<group>"; };
		8EAFA4721EAA5884007C52C0 /* FrogManager.swift */ = {isa = PBXFileReference; fileEncoding = 4; lastKnownFileType = sourcecode.swift; path = FrogManager.swift; sourceTree = "<group>"; };
		8EEE33AA1EB345E20052DA72 /* CustomFrogCell.swift */ = {isa = PBXFileReference; fileEncoding = 4; lastKnownFileType = sourcecode.swift; path = CustomFrogCell.swift; sourceTree = "<group>"; };
/* End PBXFileReference section */

/* Begin PBXFrameworksBuildPhase section */
		8EAFA4381EAA2222007C52C0 /* Frameworks */ = {
			isa = PBXFrameworksBuildPhase;
			buildActionMask = 2147483647;
			files = (
			);
			runOnlyForDeploymentPostprocessing = 0;
		};
		8EAFA44C1EAA2222007C52C0 /* Frameworks */ = {
			isa = PBXFrameworksBuildPhase;
			buildActionMask = 2147483647;
			files = (
			);
			runOnlyForDeploymentPostprocessing = 0;
		};
		8EAFA4571EAA2222007C52C0 /* Frameworks */ = {
			isa = PBXFrameworksBuildPhase;
			buildActionMask = 2147483647;
			files = (
			);
			runOnlyForDeploymentPostprocessing = 0;
		};
/* End PBXFrameworksBuildPhase section */

/* Begin PBXGroup section */
		8EA1DDE11EB743F6008A9C22 /* Supporting Files */ = {
			isa = PBXGroup;
			children = (
				8EA1DDE81EB75CD5008A9C22 /* countdownTimer.mp3 */,
				8EA1DDE61EB74F9D008A9C22 /* gameMusic.mp3 */,
				8EA1DDE21EB74426008A9C22 /* frogRibbet.wav */,
			);
			name = "Supporting Files";
			sourceTree = "<group>";
		};
		8EAFA4321EAA2222007C52C0 = {
			isa = PBXGroup;
			children = (
				8EAFA43D1EAA2222007C52C0 /* EliranFrog */,
				8EAFA4521EAA2222007C52C0 /* EliranFrogTests */,
				8EAFA45D1EAA2222007C52C0 /* EliranFrogUITests */,
				8EAFA43C1EAA2222007C52C0 /* Products */,
			);
			sourceTree = "<group>";
		};
		8EAFA43C1EAA2222007C52C0 /* Products */ = {
			isa = PBXGroup;
			children = (
				8EAFA43B1EAA2222007C52C0 /* EliranFrog.app */,
				8EAFA44F1EAA2222007C52C0 /* EliranFrogTests.xctest */,
				8EAFA45A1EAA2222007C52C0 /* EliranFrogUITests.xctest */,
			);
			name = Products;
			sourceTree = "<group>";
		};
		8EAFA43D1EAA2222007C52C0 /* EliranFrog */ = {
			isa = PBXGroup;
			children = (
				8EA1DDE11EB743F6008A9C22 /* Supporting Files */,
				8EAFA43E1EAA2222007C52C0 /* AppDelegate.swift */,
				8EAFA4401EAA2222007C52C0 /* ViewController.swift */,
				8EAFA4421EAA2222007C52C0 /* Main.storyboard */,
				8EAFA4451EAA2222007C52C0 /* Assets.xcassets */,
				8EAFA4471EAA2222007C52C0 /* LaunchScreen.storyboard */,
				8EAFA44A1EAA2222007C52C0 /* Info.plist */,
				8EAFA46C1EAA28C4007C52C0 /* CollectionGameController.swift */,
				8EAFA46E1EAA40CF007C52C0 /* RandomGameController.swift */,
				8EAFA4721EAA5884007C52C0 /* FrogManager.swift */,
				8EEE33AA1EB345E20052DA72 /* CustomFrogCell.swift */,
				8EA1DDDF1EB707E9008A9C22 /* ScoreController.swift */,
			);
			path = EliranFrog;
			sourceTree = "<group>";
		};
		8EAFA4521EAA2222007C52C0 /* EliranFrogTests */ = {
			isa = PBXGroup;
			children = (
				8EAFA4531EAA2222007C52C0 /* EliranFrogTests.swift */,
				8EAFA4551EAA2222007C52C0 /* Info.plist */,
			);
			path = EliranFrogTests;
			sourceTree = "<group>";
		};
		8EAFA45D1EAA2222007C52C0 /* EliranFrogUITests */ = {
			isa = PBXGroup;
			children = (
				8EAFA45E1EAA2222007C52C0 /* EliranFrogUITests.swift */,
				8EAFA4601EAA2222007C52C0 /* Info.plist */,
			);
			path = EliranFrogUITests;
			sourceTree = "<group>";
		};
/* End PBXGroup section */

/* Begin PBXNativeTarget section */
		8EAFA43A1EAA2222007C52C0 /* EliranFrog */ = {
			isa = PBXNativeTarget;
			buildConfigurationList = 8EAFA4631EAA2222007C52C0 /* Build configuration list for PBXNativeTarget "EliranFrog" */;
			buildPhases = (
				8EAFA4371EAA2222007C52C0 /* Sources */,
				8EAFA4381EAA2222007C52C0 /* Frameworks */,
				8EAFA4391EAA2222007C52C0 /* Resources */,
			);
			buildRules = (
			);
			dependencies = (
			);
			name = EliranFrog;
			productName = EliranFrog;
			productReference = 8EAFA43B1EAA2222007C52C0 /* EliranFrog.app */;
			productType = "com.apple.product-type.application";
		};
		8EAFA44E1EAA2222007C52C0 /* EliranFrogTests */ = {
			isa = PBXNativeTarget;
			buildConfigurationList = 8EAFA4661EAA2222007C52C0 /* Build configuration list for PBXNativeTarget "EliranFrogTests" */;
			buildPhases = (
				8EAFA44B1EAA2222007C52C0 /* Sources */,
				8EAFA44C1EAA2222007C52C0 /* Frameworks */,
				8EAFA44D1EAA2222007C52C0 /* Resources */,
			);
			buildRules = (
			);
			dependencies = (
				8EAFA4511EAA2222007C52C0 /* PBXTargetDependency */,
			);
			name = EliranFrogTests;
			productName = EliranFrogTests;
			productReference = 8EAFA44F1EAA2222007C52C0 /* EliranFrogTests.xctest */;
			productType = "com.apple.product-type.bundle.unit-test";
		};
		8EAFA4591EAA2222007C52C0 /* EliranFrogUITests */ = {
			isa = PBXNativeTarget;
			buildConfigurationList = 8EAFA4691EAA2222007C52C0 /* Build configuration list for PBXNativeTarget "EliranFrogUITests" */;
			buildPhases = (
				8EAFA4561EAA2222007C52C0 /* Sources */,
				8EAFA4571EAA2222007C52C0 /* Frameworks */,
				8EAFA4581EAA2222007C52C0 /* Resources */,
			);
			buildRules = (
			);
			dependencies = (
				8EAFA45C1EAA2222007C52C0 /* PBXTargetDependency */,
			);
			name = EliranFrogUITests;
			productName = EliranFrogUITests;
			productReference = 8EAFA45A1EAA2222007C52C0 /* EliranFrogUITests.xctest */;
			productType = "com.apple.product-type.bundle.ui-testing";
		};
/* End PBXNativeTarget section */

/* Begin PBXProject section */
		8EAFA4331EAA2222007C52C0 /* Project object */ = {
			isa = PBXProject;
			attributes = {
				LastSwiftUpdateCheck = 0710;
				LastUpgradeCheck = 0710;
				ORGANIZATIONNAME = "Eliran Levy";
				TargetAttributes = {
					8EAFA43A1EAA2222007C52C0 = {
						CreatedOnToolsVersion = 7.1.1;
						LastSwiftMigration = 0830;
					};
					8EAFA44E1EAA2222007C52C0 = {
						CreatedOnToolsVersion = 7.1.1;
						LastSwiftMigration = 0830;
						TestTargetID = 8EAFA43A1EAA2222007C52C0;
					};
					8EAFA4591EAA2222007C52C0 = {
						CreatedOnToolsVersion = 7.1.1;
						LastSwiftMigration = 0830;
						TestTargetID = 8EAFA43A1EAA2222007C52C0;
					};
				};
			};
			buildConfigurationList = 8EAFA4361EAA2222007C52C0 /* Build configuration list for PBXProject "EliranFrog" */;
			compatibilityVersion = "Xcode 3.2";
			developmentRegion = English;
			hasScannedForEncodings = 0;
			knownRegions = (
				en,
				Base,
			);
			mainGroup = 8EAFA4321EAA2222007C52C0;
			productRefGroup = 8EAFA43C1EAA2222007C52C0 /* Products */;
			projectDirPath = "";
			projectRoot = "";
			targets = (
				8EAFA43A1EAA2222007C52C0 /* EliranFrog */,
				8EAFA44E1EAA2222007C52C0 /* EliranFrogTests */,
				8EAFA4591EAA2222007C52C0 /* EliranFrogUITests */,
			);
		};
/* End PBXProject section */

/* Begin PBXResourcesBuildPhase section */
		8EAFA4391EAA2222007C52C0 /* Resources */ = {
			isa = PBXResourcesBuildPhase;
			buildActionMask = 2147483647;
			files = (
				8EA1DDE91EB75CD5008A9C22 /* countdownTimer.mp3 in Resources */,
				8EA1DDE31EB74426008A9C22 /* frogRibbet.wav in Resources */,
				8EAFA4491EAA2222007C52C0 /* LaunchScreen.storyboard in Resources */,
				8EAFA4461EAA2222007C52C0 /* Assets.xcassets in Resources */,
				8EA1DDE71EB74F9D008A9C22 /* gameMusic.mp3 in Resources */,
				8EAFA4441EAA2222007C52C0 /* Main.storyboard in Resources */,
			);
			runOnlyForDeploymentPostprocessing = 0;
		};
		8EAFA44D1EAA2222007C52C0 /* Resources */ = {
			isa = PBXResourcesBuildPhase;
			buildActionMask = 2147483647;
			files = (
			);
			runOnlyForDeploymentPostprocessing = 0;
		};
		8EAFA4581EAA2222007C52C0 /* Resources */ = {
			isa = PBXResourcesBuildPhase;
			buildActionMask = 2147483647;
			files = (
			);
			runOnlyForDeploymentPostprocessing = 0;
		};
/* End PBXResourcesBuildPhase section */

/* Begin PBXSourcesBuildPhase section */
		8EAFA4371EAA2222007C52C0 /* Sources */ = {
			isa = PBXSourcesBuildPhase;
			buildActionMask = 2147483647;
			files = (
				8EAFA4411EAA2222007C52C0 /* ViewController.swift in Sources */,
				8EAFA4731EAA5884007C52C0 /* FrogManager.swift in Sources */,
				8EAFA46F1EAA40CF007C52C0 /* RandomGameController.swift in Sources */,
				8EA1DDE01EB707E9008A9C22 /* ScoreController.swift in Sources */,
				8EAFA43F1EAA2222007C52C0 /* AppDelegate.swift in Sources */,
				8EEE33AB1EB345E20052DA72 /* CustomFrogCell.swift in Sources */,
				8EAFA46D1EAA28C4007C52C0 /* CollectionGameController.swift in Sources */,
			);
			runOnlyForDeploymentPostprocessing = 0;
		};
		8EAFA44B1EAA2222007C52C0 /* Sources */ = {
			isa = PBXSourcesBuildPhase;
			buildActionMask = 2147483647;
			files = (
				8EAFA4541EAA2222007C52C0 /* EliranFrogTests.swift in Sources */,
			);
			runOnlyForDeploymentPostprocessing = 0;
		};
		8EAFA4561EAA2222007C52C0 /* Sources */ = {
			isa = PBXSourcesBuildPhase;
			buildActionMask = 2147483647;
			files = (
				8EAFA45F1EAA2222007C52C0 /* EliranFrogUITests.swift in Sources */,
			);
			runOnlyForDeploymentPostprocessing = 0;
		};
/* End PBXSourcesBuildPhase section */

/* Begin PBXTargetDependency section */
		8EAFA4511EAA2222007C52C0 /* PBXTargetDependency */ = {
			isa = PBXTargetDependency;
			target = 8EAFA43A1EAA2222007C52C0 /* EliranFrog */;
			targetProxy = 8EAFA4501EAA2222007C52C0 /* PBXContainerItemProxy */;
		};
		8EAFA45C1EAA2222007C52C0 /* PBXTargetDependency */ = {
			isa = PBXTargetDependency;
			target = 8EAFA43A1EAA2222007C52C0 /* EliranFrog */;
			targetProxy = 8EAFA45B1EAA2222007C52C0 /* PBXContainerItemProxy */;
		};
/* End PBXTargetDependency section */

/* Begin PBXVariantGroup section */
		8EAFA4421EAA2222007C52C0 /* Main.storyboard */ = {
			isa = PBXVariantGroup;
			children = (
				8EAFA4431EAA2222007C52C0 /* Base */,
			);
			name = Main.storyboard;
			sourceTree = "<group>";
		};
		8EAFA4471EAA2222007C52C0 /* LaunchScreen.storyboard */ = {
			isa = PBXVariantGroup;
			children = (
				8EAFA4481EAA2222007C52C0 /* Base */,
			);
			name = LaunchScreen.storyboard;
			sourceTree = "<group>";
		};
/* End PBXVariantGroup section */

/* Begin XCBuildConfiguration section */
		8EAFA4611EAA2222007C52C0 /* Debug */ = {
			isa = XCBuildConfiguration;
			buildSettings = {
				ALWAYS_SEARCH_USER_PATHS = NO;
				CLANG_CXX_LANGUAGE_STANDARD = "gnu++0x";
				CLANG_CXX_LIBRARY = "libc++";
				CLANG_ENABLE_MODULES = YES;
				CLANG_ENABLE_OBJC_ARC = YES;
				CLANG_WARN_BOOL_CONVERSION = YES;
				CLANG_WARN_CONSTANT_CONVERSION = YES;
				CLANG_WARN_DIRECT_OBJC_ISA_USAGE = YES_ERROR;
				CLANG_WARN_EMPTY_BODY = YES;
				CLANG_WARN_ENUM_CONVERSION = YES;
				CLANG_WARN_INT_CONVERSION = YES;
				CLANG_WARN_OBJC_ROOT_CLASS = YES_ERROR;
				CLANG_WARN_UNREACHABLE_CODE = YES;
				CLANG_WARN__DUPLICATE_METHOD_MATCH = YES;
				"CODE_SIGN_IDENTITY[sdk=iphoneos*]" = "iPhone Developer";
				COPY_PHASE_STRIP = NO;
				DEBUG_INFORMATION_FORMAT = dwarf;
				ENABLE_STRICT_OBJC_MSGSEND = YES;
				ENABLE_TESTABILITY = YES;
				GCC_C_LANGUAGE_STANDARD = gnu99;
				GCC_DYNAMIC_NO_PIC = NO;
				GCC_NO_COMMON_BLOCKS = YES;
				GCC_OPTIMIZATION_LEVEL = 0;
				GCC_PREPROCESSOR_DEFINITIONS = (
					"DEBUG=1",
					"$(inherited)",
				);
				GCC_WARN_64_TO_32_BIT_CONVERSION = YES;
				GCC_WARN_ABOUT_RETURN_TYPE = YES_ERROR;
				GCC_WARN_UNDECLARED_SELECTOR = YES;
				GCC_WARN_UNINITIALIZED_AUTOS = YES_AGGRESSIVE;
				GCC_WARN_UNUSED_FUNCTION = YES;
				GCC_WARN_UNUSED_VARIABLE = YES;
				IPHONEOS_DEPLOYMENT_TARGET = 9.1;
				MTL_ENABLE_DEBUG_INFO = YES;
				ONLY_ACTIVE_ARCH = YES;
				SDKROOT = iphoneos;
				SWIFT_OPTIMIZATION_LEVEL = "-Onone";
				TARGETED_DEVICE_FAMILY = "1,2";
			};
			name = Debug;
		};
		8EAFA4621EAA2222007C52C0 /* Release */ = {
			isa = XCBuildConfiguration;
			buildSettings = {
				ALWAYS_SEARCH_USER_PATHS = NO;
				CLANG_CXX_LANGUAGE_STANDARD = "gnu++0x";
				CLANG_CXX_LIBRARY = "libc++";
				CLANG_ENABLE_MODULES = YES;
				CLANG_ENABLE_OBJC_ARC = YES;
				CLANG_WARN_BOOL_CONVERSION = YES;
				CLANG_WARN_CONSTANT_CONVERSION = YES;
				CLANG_WARN_DIRECT_OBJC_ISA_USAGE = YES_ERROR;
				CLANG_WARN_EMPTY_BODY = YES;
				CLANG_WARN_ENUM_CONVERSION = YES;
				CLANG_WARN_INT_CONVERSION = YES;
				CLANG_WARN_OBJC_ROOT_CLASS = YES_ERROR;
				CLANG_WARN_UNREACHABLE_CODE = YES;
				CLANG_WARN__DUPLICATE_METHOD_MATCH = YES;
				"CODE_SIGN_IDENTITY[sdk=iphoneos*]" = "iPhone Developer";
				COPY_PHASE_STRIP = NO;
				DEBUG_INFORMATION_FORMAT = "dwarf-with-dsym";
				ENABLE_NS_ASSERTIONS = NO;
				ENABLE_STRICT_OBJC_MSGSEND = YES;
				GCC_C_LANGUAGE_STANDARD = gnu99;
				GCC_NO_COMMON_BLOCKS = YES;
				GCC_WARN_64_TO_32_BIT_CONVERSION = YES;
				GCC_WARN_ABOUT_RETURN_TYPE = YES_ERROR;
				GCC_WARN_UNDECLARED_SELECTOR = YES;
				GCC_WARN_UNINITIALIZED_AUTOS = YES_AGGRESSIVE;
				GCC_WARN_UNUSED_FUNCTION = YES;
				GCC_WARN_UNUSED_VARIABLE = YES;
				IPHONEOS_DEPLOYMENT_TARGET = 9.1;
				MTL_ENABLE_DEBUG_INFO = NO;
				SDKROOT = iphoneos;
				TARGETED_DEVICE_FAMILY = "1,2";
				VALIDATE_PRODUCT = YES;
			};
			name = Release;
		};
		8EAFA4641EAA2222007C52C0 /* Debug */ = {
			isa = XCBuildConfiguration;
			buildSettings = {
				ASSETCATALOG_COMPILER_APPICON_NAME = AppIcon;
				INFOPLIST_FILE = EliranFrog/Info.plist;
				LD_RUNPATH_SEARCH_PATHS = "$(inherited) @executable_path/Frameworks";
				PRODUCT_BUNDLE_IDENTIFIER = com.Eliran.EliranFrog;
				PRODUCT_NAME = "$(TARGET_NAME)";
				SWIFT_VERSION = 3.0;
			};
			name = Debug;
		};
		8EAFA4651EAA2222007C52C0 /* Release */ = {
			isa = XCBuildConfiguration;
			buildSettings = {
				ASSETCATALOG_COMPILER_APPICON_NAME = AppIcon;
				INFOPLIST_FILE = EliranFrog/Info.plist;
				LD_RUNPATH_SEARCH_PATHS = "$(inherited) @executable_path/Frameworks";
				PRODUCT_BUNDLE_IDENTIFIER = com.Eliran.EliranFrog;
				PRODUCT_NAME = "$(TARGET_NAME)";
				SWIFT_VERSION = 3.0;
			};
			name = Release;
		};
		8EAFA4671EAA2222007C52C0 /* Debug */ = {
			isa = XCBuildConfiguration;
			buildSettings = {
				BUNDLE_LOADER = "$(TEST_HOST)";
				INFOPLIST_FILE = EliranFrogTests/Info.plist;
				LD_RUNPATH_SEARCH_PATHS = "$(inherited) @executable_path/Frameworks @loader_path/Frameworks";
				PRODUCT_BUNDLE_IDENTIFIER = com.Eliran.EliranFrogTests;
				PRODUCT_NAME = "$(TARGET_NAME)";
				SWIFT_VERSION = 3.0;
				TEST_HOST = "$(BUILT_PRODUCTS_DIR)/EliranFrog.app/EliranFrog";
			};
			name = Debug;
		};
		8EAFA4681EAA2222007C52C0 /* Release */ = {
			isa = XCBuildConfiguration;
			buildSettings = {
				BUNDLE_LOADER = "$(TEST_HOST)";
				INFOPLIST_FILE = EliranFrogTests/Info.plist;
				LD_RUNPATH_SEARCH_PATHS = "$(inherited) @executable_path/Frameworks @loader_path/Frameworks";
				PRODUCT_BUNDLE_IDENTIFIER = com.Eliran.EliranFrogTests;
				PRODUCT_NAME = "$(TARGET_NAME)";
				SWIFT_VERSION = 3.0;
				TEST_HOST = "$(BUILT_PRODUCTS_DIR)/EliranFrog.app/EliranFrog";
			};
			name = Release;
		};
		8EAFA46A1EAA2222007C52C0 /* Debug */ = {
			isa = XCBuildConfiguration;
			buildSettings = {
				INFOPLIST_FILE = EliranFrogUITests/Info.plist;
				LD_RUNPATH_SEARCH_PATHS = "$(inherited) @executable_path/Frameworks @loader_path/Frameworks";
				PRODUCT_BUNDLE_IDENTIFIER = com.Eliran.EliranFrogUITests;
				PRODUCT_NAME = "$(TARGET_NAME)";
				SWIFT_VERSION = 3.0;
				TEST_TARGET_NAME = EliranFrog;
				USES_XCTRUNNER = YES;
			};
			name = Debug;
		};
		8EAFA46B1EAA2222007C52C0 /* Release */ = {
			isa = XCBuildConfiguration;
			buildSettings = {
				INFOPLIST_FILE = EliranFrogUITests/Info.plist;
				LD_RUNPATH_SEARCH_PATHS = "$(inherited) @executable_path/Frameworks @loader_path/Frameworks";
				PRODUCT_BUNDLE_IDENTIFIER = com.Eliran.EliranFrogUITests;
				PRODUCT_NAME = "$(TARGET_NAME)";
				SWIFT_VERSION = 3.0;
				TEST_TARGET_NAME = EliranFrog;
				USES_XCTRUNNER = YES;
			};
			name = Release;
		};
/* End XCBuildConfiguration section */

/* Begin XCConfigurationList section */
		8EAFA4361EAA2222007C52C0 /* Build configuration list for PBXProject "EliranFrog" */ = {
			isa = XCConfigurationList;
			buildConfigurations = (
				8EAFA4611EAA2222007C52C0 /* Debug */,
				8EAFA4621EAA2222007C52C0 /* Release */,
			);
			defaultConfigurationIsVisible = 0;
			defaultConfigurationName = Release;
		};
		8EAFA4631EAA2222007C52C0 /* Build configuration list for PBXNativeTarget "EliranFrog" */ = {
			isa = XCConfigurationList;
			buildConfigurations = (
				8EAFA4641EAA2222007C52C0 /* Debug */,
				8EAFA4651EAA2222007C52C0 /* Release */,
			);
			defaultConfigurationIsVisible = 0;
			defaultConfigurationName = Release;
		};
		8EAFA4661EAA2222007C52C0 /* Build configuration list for PBXNativeTarget "EliranFrogTests" */ = {
			isa = XCConfigurationList;
			buildConfigurations = (
				8EAFA4671EAA2222007C52C0 /* Debug */,
				8EAFA4681EAA2222007C52C0 /* Release */,
			);
			defaultConfigurationIsVisible = 0;
			defaultConfigurationName = Release;
		};
		8EAFA4691EAA2222007C52C0 /* Build configuration list for PBXNativeTarget "EliranFrogUITests" */ = {
			isa = XCConfigurationList;
			buildConfigurations = (
				8EAFA46A1EAA2222007C52C0 /* Debug */,
				8EAFA46B1EAA2222007C52C0 /* Release */,
			);
			defaultConfigurationIsVisible = 0;
			defaultConfigurationName = Release;
		};
/* End XCConfigurationList section */
	};
	rootObject = 8EAFA4331EAA2222007C52C0 /* Project object */;
}
